PODS:
  - code_forge (10.0.0):
    - FlutterMacOS
  - device_info_plus (0.0.1):
    - FlutterMacOS
  - dynamic_color (0.0.2):
    - FlutterMacOS
  - file_selector_macos (0.0.1):
    - FlutterMacOS
  - flutter_pty (0.0.1):
    - FlutterMacOS
  - FlutterMacOS (1.0.0)
  - git2dart_binaries (1.11.2):
    - FlutterMacOS
  - irondash_engine_context (0.0.1):
    - FlutterMacOS
  - open_file_mac (1.0.3):
    - FlutterMacOS
  - screen_retriever_macos (0.0.1):
    - FlutterMacOS
  - serious_python_darwin (0.9.11):
    - Flutter
    - FlutterMacOS
  - super_native_extensions (0.0.1):
    - FlutterMacOS
  - url_launcher_macos (0.0.1):
    - FlutterMacOS
  - window_manager (0.5.0):
    - FlutterMacOS

DEPENDENCIES:
  - code_forge (from `Flutter/ephemeral/.symlinks/plugins/code_forge/macos`)
  - device_info_plus (from `Flutter/ephemeral/.symlinks/plugins/device_info_plus/macos`)
  - dynamic_color (from `Flutter/ephemeral/.symlinks/plugins/dynamic_color/macos`)
  - file_selector_macos (from `Flutter/ephemeral/.symlinks/plugins/file_selector_macos/macos`)
  - flutter_pty (from `Flutter/ephemeral/.symlinks/plugins/flutter_pty/macos`)
  - FlutterMacOS (from `Flutter/ephemeral`)
  - git2dart_binaries (from `Flutter/ephemeral/.symlinks/plugins/git2dart_binaries/macos`)
  - irondash_engine_context (from `Flutter/ephemeral/.symlinks/plugins/irondash_engine_context/macos`)
  - open_file_mac (from `Flutter/ephemeral/.symlinks/plugins/open_file_mac/macos`)
  - screen_retriever_macos (from `Flutter/ephemeral/.symlinks/plugins/screen_retriever_macos/macos`)
  - serious_python_darwin (from `Flutter/ephemeral/.symlinks/plugins/serious_python_darwin/darwin`)
  - super_native_extensions (from `Flutter/ephemeral/.symlinks/plugins/super_native_extensions/macos`)
  - url_launcher_macos (from `Flutter/ephemeral/.symlinks/plugins/url_launcher_macos/macos`)
  - window_manager (from `Flutter/ephemeral/.symlinks/plugins/window_manager/macos`)

EXTERNAL SOURCES:
  code_forge:
    :path: Flutter/ephemeral/.symlinks/plugins/code_forge/macos
  device_info_plus:
    :path: Flutter/ephemeral/.symlinks/plugins/device_info_plus/macos
  dynamic_color:
    :path: Flutter/ephemeral/.symlinks/plugins/dynamic_color/macos
  file_selector_macos:
    :path: Flutter/ephemeral/.symlinks/plugins/file_selector_macos/macos
  flutter_pty:
    :path: Flutter/ephemeral/.symlinks/plugins/flutter_pty/macos
  FlutterMacOS:
    :path: Flutter/ephemeral
  git2dart_binaries:
    :path: Flutter/ephemeral/.symlinks/plugins/git2dart_binaries/macos
  irondash_engine_context:
    :path: Flutter/ephemeral/.symlinks/plugins/irondash_engine_context/macos
  open_file_mac:
    :path: Flutter/ephemeral/.symlinks/plugins/open_file_mac/macos
  screen_retriever_macos:
    :path: Flutter/ephemeral/.symlinks/plugins/screen_retriever_macos/macos
  serious_python_darwin:
    :path: Flutter/ephemeral/.symlinks/plugins/serious_python_darwin/darwin
  super_native_extensions:
    :path: Flutter/ephemeral/.symlinks/plugins/super_native_extensions/macos
  url_launcher_macos:
    :path: Flutter/ephemeral/.symlinks/plugins/url_launcher_macos/macos
  window_manager:
    :path: Flutter/ephemeral/.symlinks/plugins/window_manager/macos

SPEC CHECKSUMS:
  code_forge: 374e3357ba59ca2ace4b1d6814c943b1d72faf0b
  device_info_plus: 4fb280989f669696856f8b129e4a5e3cd6c48f76
  dynamic_color: cb7c2a300ee67ed3bd96c3e852df3af0300bf610
  file_selector_macos: 9e9e068e90ebee155097d00e89ae91edb2374db7
  flutter_pty: 1e360feaf8b1a213d2d50da3c076005b8eef1eee
  FlutterMacOS: d0db08ddef1a9af05a5ec4b724367152bb0500b1
  git2dart_binaries: ce40f0f9b064d25651410d394274ff87b6aad208
  irondash_engine_context: 893c7d96d20ce361d7e996f39d360c4c2f9869ba
  open_file_mac: 76f06c8597551249bdb5e8fd8827a98eae0f4585
  screen_retriever_macos: c5508cc3c66ff0d4db650480cf0ab691e220d933
  serious_python_darwin: baf0e5e3f2d7e2d052a8810c2abcdf4a50238183
  super_native_extensions: c2795d6d9aedf4a79fae25cb6160b71b50549189
  url_launcher_macos: f87a979182d112f911de6820aefddaf56ee9fbfd
  window_manager: b729e31d38fb04905235df9ea896128991cad99e

PODFILE CHECKSUM: e1492602b139301cf20674386066bf7bc3ac581a

COCOAPODS: 1.16.2
